// !$*UTF8*$!
{
	archiveVersion = 1;
	classes = {
	};
	objectVersion = 55;
	objects = {

/* Begin PBXBuildFile section */
		10B78C83DC035114C9673232 /* Pods_CafeLook_CafeLookUITests.framework in Frameworks */ = {isa = PBXBuildFile; fileRef = ED76AD50299C36EE21CA2F56 /* Pods_CafeLook_CafeLookUITests.framework */; };
		3F7BE843148927F8D01748FE /* Pods_CafeLook.framework in Frameworks */ = {isa = PBXBuildFile; fileRef = 3D4B2F9425944FF85292430E /* Pods_CafeLook.framework */; };
		6A59AFC92872D4060046BDD8 /* AppDelegate.swift in Sources */ = {isa = PBXBuildFile; fileRef = 6A59AFC82872D4060046BDD8 /* AppDelegate.swift */; };
		6A59AFCB2872D4060046BDD8 /* SceneDelegate.swift in Sources */ = {isa = PBXBuildFile; fileRef = 6A59AFCA2872D4060046BDD8 /* SceneDelegate.swift */; };
		6A59AFCD2872D4060046BDD8 /* ViewController.swift in Sources */ = {isa = PBXBuildFile; fileRef = 6A59AFCC2872D4060046BDD8 /* ViewController.swift */; };
		6A59AFD22872D4080046BDD8 /* Assets.xcassets in Resources */ = {isa = PBXBuildFile; fileRef = 6A59AFD12872D4080046BDD8 /* Assets.xcassets */; };
		6A59AFD52872D4080046BDD8 /* LaunchScreen.storyboard in Resources */ = {isa = PBXBuildFile; fileRef = 6A59AFD32872D4080046BDD8 /* LaunchScreen.storyboard */; };
		6A59AFE02872D4080046BDD8 /* CafeLookTests.swift in Sources */ = {isa = PBXBuildFile; fileRef = 6A59AFDF2872D4080046BDD8 /* CafeLookTests.swift */; };
		6A59AFEA2872D4080046BDD8 /* CafeLookUITests.swift in Sources */ = {isa = PBXBuildFile; fileRef = 6A59AFE92872D4080046BDD8 /* CafeLookUITests.swift */; };
		6A59AFEC2872D4080046BDD8 /* CafeLookUITestsLaunchTests.swift in Sources */ = {isa = PBXBuildFile; fileRef = 6A59AFEB2872D4080046BDD8 /* CafeLookUITestsLaunchTests.swift */; };
		B9762E7494E98360055DB749 /* Pods_CafeLookTests.framework in Frameworks */ = {isa = PBXBuildFile; fileRef = C35E19097350E95BA0EB6BDD /* Pods_CafeLookTests.framework */; };
/* End PBXBuildFile section */

/* Begin PBXContainerItemProxy section */
		6A59AFDC2872D4080046BDD8 /* PBXContainerItemProxy */ = {
			isa = PBXContainerItemProxy;
			containerPortal = 6A59AFBD2872D4060046BDD8 /* Project object */;
			proxyType = 1;
			remoteGlobalIDString = 6A59AFC42872D4060046BDD8;
			remoteInfo = CafeLook;
		};
		6A59AFE62872D4080046BDD8 /* PBXContainerItemProxy */ = {
			isa = PBXContainerItemProxy;
			containerPortal = 6A59AFBD2872D4060046BDD8 /* Project object */;
			proxyType = 1;
			remoteGlobalIDString = 6A59AFC42872D4060046BDD8;
			remoteInfo = CafeLook;
		};
/* End PBXContainerItemProxy section */

/* Begin PBXFileReference section */
		1AEAC4D65F8DBC640C93D5E6 /* Pods-CafeLookTests.debug.xcconfig */ = {isa = PBXFileReference; includeInIndex = 1; lastKnownFileType = text.xcconfig; name = "Pods-CafeLookTests.debug.xcconfig"; path = "Target Support Files/Pods-CafeLookTests/Pods-CafeLookTests.debug.xcconfig"; sourceTree = "<group>"; };
		3637529A22F6BD02FEE2C494 /* Pods-CafeLookTests.release.xcconfig */ = {isa = PBXFileReference; includeInIndex = 1; lastKnownFileType = text.xcconfig; name = "Pods-CafeLookTests.release.xcconfig"; path = "Target Support Files/Pods-CafeLookTests/Pods-CafeLookTests.release.xcconfig"; sourceTree = "<group>"; };
		3D4B2F9425944FF85292430E /* Pods_CafeLook.framework */ = {isa = PBXFileReference; explicitFileType = wrapper.framework; includeInIndex = 0; path = Pods_CafeLook.framework; sourceTree = BUILT_PRODUCTS_DIR; };
		6A59AFC52872D4060046BDD8 /* CafeLook.app */ = {isa = PBXFileReference; explicitFileType = wrapper.application; includeInIndex = 0; path = CafeLook.app; sourceTree = BUILT_PRODUCTS_DIR; };
		6A59AFC82872D4060046BDD8 /* AppDelegate.swift */ = {isa = PBXFileReference; lastKnownFileType = sourcecode.swift; path = AppDelegate.swift; sourceTree = "<group>"; };
		6A59AFCA2872D4060046BDD8 /* SceneDelegate.swift */ = {isa = PBXFileReference; lastKnownFileType = sourcecode.swift; path = SceneDelegate.swift; sourceTree = "<group>"; };
		6A59AFCC2872D4060046BDD8 /* ViewController.swift */ = {isa = PBXFileReference; lastKnownFileType = sourcecode.swift; path = ViewController.swift; sourceTree = "<group>"; };
		6A59AFD12872D4080046BDD8 /* Assets.xcassets */ = {isa = PBXFileReference; lastKnownFileType = folder.assetcatalog; path = Assets.xcassets; sourceTree = "<group>"; };
		6A59AFD42872D4080046BDD8 /* Base */ = {isa = PBXFileReference; lastKnownFileType = file.storyboard; name = Base; path = Base.lproj/LaunchScreen.storyboard; sourceTree = "<group>"; };
		6A59AFD62872D4080046BDD8 /* Info.plist */ = {isa = PBXFileReference; lastKnownFileType = text.plist.xml; path = Info.plist; sourceTree = "<group>"; };
		6A59AFDB2872D4080046BDD8 /* CafeLookTests.xctest */ = {isa = PBXFileReference; explicitFileType = wrapper.cfbundle; includeInIndex = 0; path = CafeLookTests.xctest; sourceTree = BUILT_PRODUCTS_DIR; };
		6A59AFDF2872D4080046BDD8 /* CafeLookTests.swift */ = {isa = PBXFileReference; lastKnownFileType = sourcecode.swift; path = CafeLookTests.swift; sourceTree = "<group>"; };
		6A59AFE52872D4080046BDD8 /* CafeLookUITests.xctest */ = {isa = PBXFileReference; explicitFileType = wrapper.cfbundle; includeInIndex = 0; path = CafeLookUITests.xctest; sourceTree = BUILT_PRODUCTS_DIR; };
		6A59AFE92872D4080046BDD8 /* CafeLookUITests.swift */ = {isa = PBXFileReference; lastKnownFileType = sourcecode.swift; path = CafeLookUITests.swift; sourceTree = "<group>"; };
		6A59AFEB2872D4080046BDD8 /* CafeLookUITestsLaunchTests.swift */ = {isa = PBXFileReference; lastKnownFileType = sourcecode.swift; path = CafeLookUITestsLaunchTests.swift; sourceTree = "<group>"; };
		B4009D186DE342873B68181F /* Pods-CafeLook.debug.xcconfig */ = {isa = PBXFileReference; includeInIndex = 1; lastKnownFileType = text.xcconfig; name = "Pods-CafeLook.debug.xcconfig"; path = "Target Support Files/Pods-CafeLook/Pods-CafeLook.debug.xcconfig"; sourceTree = "<group>"; };
		B4CF51BDE0438BDFB7F90BEE /* Pods-CafeLook-CafeLookUITests.debug.xcconfig */ = {isa = PBXFileReference; includeInIndex = 1; lastKnownFileType = text.xcconfig; name = "Pods-CafeLook-CafeLookUITests.debug.xcconfig"; path = "Target Support Files/Pods-CafeLook-CafeLookUITests/Pods-CafeLook-CafeLookUITests.debug.xcconfig"; sourceTree = "<group>"; };
		C35E19097350E95BA0EB6BDD /* Pods_CafeLookTests.framework */ = {isa = PBXFileReference; explicitFileType = wrapper.framework; includeInIndex = 0; path = Pods_CafeLookTests.framework; sourceTree = BUILT_PRODUCTS_DIR; };
		E0DA84342838326C318157FF /* Pods-CafeLook.release.xcconfig */ = {isa = PBXFileReference; includeInIndex = 1; lastKnownFileType = text.xcconfig; name = "Pods-CafeLook.release.xcconfig"; path = "Target Support Files/Pods-CafeLook/Pods-CafeLook.release.xcconfig"; sourceTree = "<group>"; };
		ED76AD50299C36EE21CA2F56 /* Pods_CafeLook_CafeLookUITests.framework */ = {isa = PBXFileReference; explicitFileType = wrapper.framework; includeInIndex = 0; path = Pods_CafeLook_CafeLookUITests.framework; sourceTree = BUILT_PRODUCTS_DIR; };
		F59D17443F7DACACD996EFA9 /* Pods-CafeLook-CafeLookUITests.release.xcconfig */ = {isa = PBXFileReference; includeInIndex = 1; lastKnownFileType = text.xcconfig; name = "Pods-CafeLook-CafeLookUITests.release.xcconfig"; path = "Target Support Files/Pods-CafeLook-CafeLookUITests/Pods-CafeLook-CafeLookUITests.release.xcconfig"; sourceTree = "<group>"; };
/* End PBXFileReference section */

/* Begin PBXFrameworksBuildPhase section */
		6A59AFC22872D4060046BDD8 /* Frameworks */ = {
			isa = PBXFrameworksBuildPhase;
			buildActionMask = 2147483647;
			files = (
				3F7BE843148927F8D01748FE /* Pods_CafeLook.framework in Frameworks */,
			);
			runOnlyForDeploymentPostprocessing = 0;
		};
		6A59AFD82872D4080046BDD8 /* Frameworks */ = {
			isa = PBXFrameworksBuildPhase;
			buildActionMask = 2147483647;
			files = (
				B9762E7494E98360055DB749 /* Pods_CafeLookTests.framework in Frameworks */,
			);
			runOnlyForDeploymentPostprocessing = 0;
		};
		6A59AFE22872D4080046BDD8 /* Frameworks */ = {
			isa = PBXFrameworksBuildPhase;
			buildActionMask = 2147483647;
			files = (
				10B78C83DC035114C9673232 /* Pods_CafeLook_CafeLookUITests.framework in Frameworks */,
			);
			runOnlyForDeploymentPostprocessing = 0;
		};
/* End PBXFrameworksBuildPhase section */

/* Begin PBXGroup section */
		6A59AFBC2872D4060046BDD8 = {
			isa = PBXGroup;
			children = (
				6A59AFC72872D4060046BDD8 /* CafeLook */,
				6A59AFDE2872D4080046BDD8 /* CafeLookTests */,
				6A59AFE82872D4080046BDD8 /* CafeLookUITests */,
				6A59AFC62872D4060046BDD8 /* Products */,
				C2A585D2396CE6DAEB434164 /* Pods */,
				6AF5561FBF6D1C4640C4F0AD /* Frameworks */,
			);
			sourceTree = "<group>";
		};
		6A59AFC62872D4060046BDD8 /* Products */ = {
			isa = PBXGroup;
			children = (
				6A59AFC52872D4060046BDD8 /* CafeLook.app */,
				6A59AFDB2872D4080046BDD8 /* CafeLookTests.xctest */,
				6A59AFE52872D4080046BDD8 /* CafeLookUITests.xctest */,
			);
			name = Products;
			sourceTree = "<group>";
		};
		6A59AFC72872D4060046BDD8 /* CafeLook */ = {
			isa = PBXGroup;
			children = (
				6A59AFC82872D4060046BDD8 /* AppDelegate.swift */,
				6A59AFCA2872D4060046BDD8 /* SceneDelegate.swift */,
				6A59AFCC2872D4060046BDD8 /* ViewController.swift */,
				6A59AFD12872D4080046BDD8 /* Assets.xcassets */,
				6A59AFD32872D4080046BDD8 /* LaunchScreen.storyboard */,
				6A59AFD62872D4080046BDD8 /* Info.plist */,
			);
			path = CafeLook;
			sourceTree = "<group>";
		};
		6A59AFDE2872D4080046BDD8 /* CafeLookTests */ = {
			isa = PBXGroup;
			children = (
				6A59AFDF2872D4080046BDD8 /* CafeLookTests.swift */,
			);
			path = CafeLookTests;
			sourceTree = "<group>";
		};
		6A59AFE82872D4080046BDD8 /* CafeLookUITests */ = {
			isa = PBXGroup;
			children = (
				6A59AFE92872D4080046BDD8 /* CafeLookUITests.swift */,
				6A59AFEB2872D4080046BDD8 /* CafeLookUITestsLaunchTests.swift */,
			);
			path = CafeLookUITests;
			sourceTree = "<group>";
		};
		6AF5561FBF6D1C4640C4F0AD /* Frameworks */ = {
			isa = PBXGroup;
			children = (
				3D4B2F9425944FF85292430E /* Pods_CafeLook.framework */,
				ED76AD50299C36EE21CA2F56 /* Pods_CafeLook_CafeLookUITests.framework */,
				C35E19097350E95BA0EB6BDD /* Pods_CafeLookTests.framework */,
			);
			name = Frameworks;
			sourceTree = "<group>";
		};
		C2A585D2396CE6DAEB434164 /* Pods */ = {
			isa = PBXGroup;
			children = (
				B4009D186DE342873B68181F /* Pods-CafeLook.debug.xcconfig */,
				E0DA84342838326C318157FF /* Pods-CafeLook.release.xcconfig */,
				B4CF51BDE0438BDFB7F90BEE /* Pods-CafeLook-CafeLookUITests.debug.xcconfig */,
				F59D17443F7DACACD996EFA9 /* Pods-CafeLook-CafeLookUITests.release.xcconfig */,
				1AEAC4D65F8DBC640C93D5E6 /* Pods-CafeLookTests.debug.xcconfig */,
				3637529A22F6BD02FEE2C494 /* Pods-CafeLookTests.release.xcconfig */,
			);
			name = Pods;
			path = Pods;
			sourceTree = "<group>";
		};
/* End PBXGroup section */

/* Begin PBXNativeTarget section */
		6A59AFC42872D4060046BDD8 /* CafeLook */ = {
			isa = PBXNativeTarget;
			buildConfigurationList = 6A59AFEF2872D4080046BDD8 /* Build configuration list for PBXNativeTarget "CafeLook" */;
			buildPhases = (
				672FD3E7D279C19720FEE839 /* [CP] Check Pods Manifest.lock */,
				6A59AFC12872D4060046BDD8 /* Sources */,
				6A59AFC22872D4060046BDD8 /* Frameworks */,
				6A59AFC32872D4060046BDD8 /* Resources */,
				FDBF3546E56DBBBE838FDB6F /* [CP] Embed Pods Frameworks */,
			);
			buildRules = (
			);
			dependencies = (
			);
			name = CafeLook;
			productName = CafeLook;
			productReference = 6A59AFC52872D4060046BDD8 /* CafeLook.app */;
			productType = "com.apple.product-type.application";
		};
		6A59AFDA2872D4080046BDD8 /* CafeLookTests */ = {
			isa = PBXNativeTarget;
			buildConfigurationList = 6A59AFF22872D4080046BDD8 /* Build configuration list for PBXNativeTarget "CafeLookTests" */;
			buildPhases = (
				9B48E78B6B79A976EF94D385 /* [CP] Check Pods Manifest.lock */,
				6A59AFD72872D4080046BDD8 /* Sources */,
				6A59AFD82872D4080046BDD8 /* Frameworks */,
				6A59AFD92872D4080046BDD8 /* Resources */,
			);
			buildRules = (
			);
			dependencies = (
				6A59AFDD2872D4080046BDD8 /* PBXTargetDependency */,
			);
			name = CafeLookTests;
			productName = CafeLookTests;
			productReference = 6A59AFDB2872D4080046BDD8 /* CafeLookTests.xctest */;
			productType = "com.apple.product-type.bundle.unit-test";
		};
		6A59AFE42872D4080046BDD8 /* CafeLookUITests */ = {
			isa = PBXNativeTarget;
			buildConfigurationList = 6A59AFF52872D4080046BDD8 /* Build configuration list for PBXNativeTarget "CafeLookUITests" */;
			buildPhases = (
				7BBFEC62647D64019E9D53B2 /* [CP] Check Pods Manifest.lock */,
				6A59AFE12872D4080046BDD8 /* Sources */,
				6A59AFE22872D4080046BDD8 /* Frameworks */,
				6A59AFE32872D4080046BDD8 /* Resources */,
				99CCEEC7E3E94A0759089828 /* [CP] Embed Pods Frameworks */,
			);
			buildRules = (
			);
			dependencies = (
				6A59AFE72872D4080046BDD8 /* PBXTargetDependency */,
			);
			name = CafeLookUITests;
			productName = CafeLookUITests;
			productReference = 6A59AFE52872D4080046BDD8 /* CafeLookUITests.xctest */;
			productType = "com.apple.product-type.bundle.ui-testing";
		};
/* End PBXNativeTarget section */

/* Begin PBXProject section */
		6A59AFBD2872D4060046BDD8 /* Project object */ = {
			isa = PBXProject;
			attributes = {
				BuildIndependentTargetsInParallel = 1;
				LastSwiftUpdateCheck = 1340;
				LastUpgradeCheck = 1340;
				TargetAttributes = {
					6A59AFC42872D4060046BDD8 = {
						CreatedOnToolsVersion = 13.4.1;
					};
					6A59AFDA2872D4080046BDD8 = {
						CreatedOnToolsVersion = 13.4.1;
						TestTargetID = 6A59AFC42872D4060046BDD8;
					};
					6A59AFE42872D4080046BDD8 = {
						CreatedOnToolsVersion = 13.4.1;
						TestTargetID = 6A59AFC42872D4060046BDD8;
					};
				};
			};
			buildConfigurationList = 6A59AFC02872D4060046BDD8 /* Build configuration list for PBXProject "CafeLook" */;
			compatibilityVersion = "Xcode 13.0";
			developmentRegion = en;
			hasScannedForEncodings = 0;
			knownRegions = (
				en,
				Base,
			);
			mainGroup = 6A59AFBC2872D4060046BDD8;
			productRefGroup = 6A59AFC62872D4060046BDD8 /* Products */;
			projectDirPath = "";
			projectRoot = "";
			targets = (
				6A59AFC42872D4060046BDD8 /* CafeLook */,
				6A59AFDA2872D4080046BDD8 /* CafeLookTests */,
				6A59AFE42872D4080046BDD8 /* CafeLookUITests */,
			);
		};
/* End PBXProject section */

/* Begin PBXResourcesBuildPhase section */
		6A59AFC32872D4060046BDD8 /* Resources */ = {
			isa = PBXResourcesBuildPhase;
			buildActionMask = 2147483647;
			files = (
				6A59AFD52872D4080046BDD8 /* LaunchScreen.storyboard in Resources */,
				6A59AFD22872D4080046BDD8 /* Assets.xcassets in Resources */,
			);
			runOnlyForDeploymentPostprocessing = 0;
		};
		6A59AFD92872D4080046BDD8 /* Resources */ = {
			isa = PBXResourcesBuildPhase;
			buildActionMask = 2147483647;
			files = (
			);
			runOnlyForDeploymentPostprocessing = 0;
		};
		6A59AFE32872D4080046BDD8 /* Resources */ = {
			isa = PBXResourcesBuildPhase;
			buildActionMask = 2147483647;
			files = (
			);
			runOnlyForDeploymentPostprocessing = 0;
		};
/* End PBXResourcesBuildPhase section */

/* Begin PBXShellScriptBuildPhase section */
		672FD3E7D279C19720FEE839 /* [CP] Check Pods Manifest.lock */ = {
			isa = PBXShellScriptBuildPhase;
			buildActionMask = 2147483647;
			files = (
			);
			inputFileListPaths = (
			);
			inputPaths = (
				"${PODS_PODFILE_DIR_PATH}/Podfile.lock",
				"${PODS_ROOT}/Manifest.lock",
			);
			name = "[CP] Check Pods Manifest.lock";
			outputFileListPaths = (
			);
			outputPaths = (
				"$(DERIVED_FILE_DIR)/Pods-CafeLook-checkManifestLockResult.txt",
			);
			runOnlyForDeploymentPostprocessing = 0;
			shellPath = /bin/sh;
			shellScript = "diff \"${PODS_PODFILE_DIR_PATH}/Podfile.lock\" \"${PODS_ROOT}/Manifest.lock\" > /dev/null\nif [ $? != 0 ] ; then\n    # print error to STDERR\n    echo \"error: The sandbox is not in sync with the Podfile.lock. Run 'pod install' or update your CocoaPods installation.\" >&2\n    exit 1\nfi\n# This output is used by Xcode 'outputs' to avoid re-running this script phase.\necho \"SUCCESS\" > \"${SCRIPT_OUTPUT_FILE_0}\"\n";
			showEnvVarsInLog = 0;
		};
		7BBFEC62647D64019E9D53B2 /* [CP] Check Pods Manifest.lock */ = {
			isa = PBXShellScriptBuildPhase;
			buildActionMask = 2147483647;
			files = (
			);
			inputFileListPaths = (
			);
			inputPaths = (
				"${PODS_PODFILE_DIR_PATH}/Podfile.lock",
				"${PODS_ROOT}/Manifest.lock",
			);
			name = "[CP] Check Pods Manifest.lock";
			outputFileListPaths = (
			);
			outputPaths = (
				"$(DERIVED_FILE_DIR)/Pods-CafeLook-CafeLookUITests-checkManifestLockResult.txt",
			);
			runOnlyForDeploymentPostprocessing = 0;
			shellPath = /bin/sh;
			shellScript = "diff \"${PODS_PODFILE_DIR_PATH}/Podfile.lock\" \"${PODS_ROOT}/Manifest.lock\" > /dev/null\nif [ $? != 0 ] ; then\n    # print error to STDERR\n    echo \"error: The sandbox is not in sync with the Podfile.lock. Run 'pod install' or update your CocoaPods installation.\" >&2\n    exit 1\nfi\n# This output is used by Xcode 'outputs' to avoid re-running this script phase.\necho \"SUCCESS\" > \"${SCRIPT_OUTPUT_FILE_0}\"\n";
			showEnvVarsInLog = 0;
		};
		99CCEEC7E3E94A0759089828 /* [CP] Embed Pods Frameworks */ = {
			isa = PBXShellScriptBuildPhase;
			buildActionMask = 2147483647;
			files = (
			);
			inputFileListPaths = (
				"${PODS_ROOT}/Target Support Files/Pods-CafeLook-CafeLookUITests/Pods-CafeLook-CafeLookUITests-frameworks-${CONFIGURATION}-input-files.xcfilelist",
			);
			name = "[CP] Embed Pods Frameworks";
			outputFileListPaths = (
				"${PODS_ROOT}/Target Support Files/Pods-CafeLook-CafeLookUITests/Pods-CafeLook-CafeLookUITests-frameworks-${CONFIGURATION}-output-files.xcfilelist",
			);
			runOnlyForDeploymentPostprocessing = 0;
			shellPath = /bin/sh;
			shellScript = "\"${PODS_ROOT}/Target Support Files/Pods-CafeLook-CafeLookUITests/Pods-CafeLook-CafeLookUITests-frameworks.sh\"\n";
			showEnvVarsInLog = 0;
		};
		9B48E78B6B79A976EF94D385 /* [CP] Check Pods Manifest.lock */ = {
			isa = PBXShellScriptBuildPhase;
			buildActionMask = 2147483647;
			files = (
			);
			inputFileListPaths = (
			);
			inputPaths = (
				"${PODS_PODFILE_DIR_PATH}/Podfile.lock",
				"${PODS_ROOT}/Manifest.lock",
			);
			name = "[CP] Check Pods Manifest.lock";
			outputFileListPaths = (
			);
			outputPaths = (
				"$(DERIVED_FILE_DIR)/Pods-CafeLookTests-checkManifestLockResult.txt",
			);
			runOnlyForDeploymentPostprocessing = 0;
			shellPath = /bin/sh;
			shellScript = "diff \"${PODS_PODFILE_DIR_PATH}/Podfile.lock\" \"${PODS_ROOT}/Manifest.lock\" > /dev/null\nif [ $? != 0 ] ; then\n    # print error to STDERR\n    echo \"error: The sandbox is not in sync with the Podfile.lock. Run 'pod install' or update your CocoaPods installation.\" >&2\n    exit 1\nfi\n# This output is used by Xcode 'outputs' to avoid re-running this script phase.\necho \"SUCCESS\" > \"${SCRIPT_OUTPUT_FILE_0}\"\n";
			showEnvVarsInLog = 0;
		};
		FDBF3546E56DBBBE838FDB6F /* [CP] Embed Pods Frameworks */ = {
			isa = PBXShellScriptBuildPhase;
			buildActionMask = 2147483647;
			files = (
			);
			inputFileListPaths = (
				"${PODS_ROOT}/Target Support Files/Pods-CafeLook/Pods-CafeLook-frameworks-${CONFIGURATION}-input-files.xcfilelist",
			);
			name = "[CP] Embed Pods Frameworks";
			outputFileListPaths = (
				"${PODS_ROOT}/Target Support Files/Pods-CafeLook/Pods-CafeLook-frameworks-${CONFIGURATION}-output-files.xcfilelist",
			);
			runOnlyForDeploymentPostprocessing = 0;
			shellPath = /bin/sh;
			shellScript = "\"${PODS_ROOT}/Target Support Files/Pods-CafeLook/Pods-CafeLook-frameworks.sh\"\n";
			showEnvVarsInLog = 0;
		};
/* End PBXShellScriptBuildPhase section */

/* Begin PBXSourcesBuildPhase section */
		6A59AFC12872D4060046BDD8 /* Sources */ = {
			isa = PBXSourcesBuildPhase;
			buildActionMask = 2147483647;
			files = (
				6A59AFCD2872D4060046BDD8 /* ViewController.swift in Sources */,
				6A59AFC92872D4060046BDD8 /* AppDelegate.swift in Sources */,
				6A59AFCB2872D4060046BDD8 /* SceneDelegate.swift in Sources */,
			);
			runOnlyForDeploymentPostprocessing = 0;
		};
		6A59AFD72872D4080046BDD8 /* Sources */ = {
			isa = PBXSourcesBuildPhase;
			buildActionMask = 2147483647;
			files = (
				6A59AFE02872D4080046BDD8 /* CafeLookTests.swift in Sources */,
			);
			runOnlyForDeploymentPostprocessing = 0;
		};
		6A59AFE12872D4080046BDD8 /* Sources */ = {
			isa = PBXSourcesBuildPhase;
			buildActionMask = 2147483647;
			files = (
				6A59AFEC2872D4080046BDD8 /* CafeLookUITestsLaunchTests.swift in Sources */,
				6A59AFEA2872D4080046BDD8 /* CafeLookUITests.swift in Sources */,
			);
			runOnlyForDeploymentPostprocessing = 0;
		};
/* End PBXSourcesBuildPhase section */

/* Begin PBXTargetDependency section */
		6A59AFDD2872D4080046BDD8 /* PBXTargetDependency */ = {
			isa = PBXTargetDependency;
			target = 6A59AFC42872D4060046BDD8 /* CafeLook */;
			targetProxy = 6A59AFDC2872D4080046BDD8 /* PBXContainerItemProxy */;
		};
		6A59AFE72872D4080046BDD8 /* PBXTargetDependency */ = {
			isa = PBXTargetDependency;
			target = 6A59AFC42872D4060046BDD8 /* CafeLook */;
			targetProxy = 6A59AFE62872D4080046BDD8 /* PBXContainerItemProxy */;
		};
/* End PBXTargetDependency section */

/* Begin PBXVariantGroup section */
		6A59AFD32872D4080046BDD8 /* LaunchScreen.storyboard */ = {
			isa = PBXVariantGroup;
			children = (
				6A59AFD42872D4080046BDD8 /* Base */,
			);
			name = LaunchScreen.storyboard;
			sourceTree = "<group>";
		};
/* End PBXVariantGroup section */

/* Begin XCBuildConfiguration section */
		6A59AFED2872D4080046BDD8 /* Debug */ = {
			isa = XCBuildConfiguration;
			buildSettings = {
				ALWAYS_SEARCH_USER_PATHS = NO;
				CLANG_ANALYZER_NONNULL = YES;
				CLANG_ANALYZER_NUMBER_OBJECT_CONVERSION = YES_AGGRESSIVE;
				CLANG_CXX_LANGUAGE_STANDARD = "gnu++17";
				CLANG_ENABLE_MODULES = YES;
				CLANG_ENABLE_OBJC_ARC = YES;
				CLANG_ENABLE_OBJC_WEAK = YES;
				CLANG_WARN_BLOCK_CAPTURE_AUTORELEASING = YES;
				CLANG_WARN_BOOL_CONVERSION = YES;
				CLANG_WARN_COMMA = YES;
				CLANG_WARN_CONSTANT_CONVERSION = YES;
				CLANG_WARN_DEPRECATED_OBJC_IMPLEMENTATIONS = YES;
				CLANG_WARN_DIRECT_OBJC_ISA_USAGE = YES_ERROR;
				CLANG_WARN_DOCUMENTATION_COMMENTS = YES;
				CLANG_WARN_EMPTY_BODY = YES;
				CLANG_WARN_ENUM_CONVERSION = YES;
				CLANG_WARN_INFINITE_RECURSION = YES;
				CLANG_WARN_INT_CONVERSION = YES;
				CLANG_WARN_NON_LITERAL_NULL_CONVERSION = YES;
				CLANG_WARN_OBJC_IMPLICIT_RETAIN_SELF = YES;
				CLANG_WARN_OBJC_LITERAL_CONVERSION = YES;
				CLANG_WARN_OBJC_ROOT_CLASS = YES_ERROR;
				CLANG_WARN_QUOTED_INCLUDE_IN_FRAMEWORK_HEADER = YES;
				CLANG_WARN_RANGE_LOOP_ANALYSIS = YES;
				CLANG_WARN_STRICT_PROTOTYPES = YES;
				CLANG_WARN_SUSPICIOUS_MOVE = YES;
				CLANG_WARN_UNGUARDED_AVAILABILITY = YES_AGGRESSIVE;
				CLANG_WARN_UNREACHABLE_CODE = YES;
				CLANG_WARN__DUPLICATE_METHOD_MATCH = YES;
				COPY_PHASE_STRIP = NO;
				DEBUG_INFORMATION_FORMAT = dwarf;
				ENABLE_STRICT_OBJC_MSGSEND = YES;
				ENABLE_TESTABILITY = YES;
				GCC_C_LANGUAGE_STANDARD = gnu11;
				GCC_DYNAMIC_NO_PIC = NO;
				GCC_NO_COMMON_BLOCKS = YES;
				GCC_OPTIMIZATION_LEVEL = 0;
				GCC_PREPROCESSOR_DEFINITIONS = (
					"DEBUG=1",
					"$(inherited)",
				);
				GCC_WARN_64_TO_32_BIT_CONVERSION = YES;
				GCC_WARN_ABOUT_RETURN_TYPE = YES_ERROR;
				GCC_WARN_UNDECLARED_SELECTOR = YES;
				GCC_WARN_UNINITIALIZED_AUTOS = YES_AGGRESSIVE;
				GCC_WARN_UNUSED_FUNCTION = YES;
				GCC_WARN_UNUSED_VARIABLE = YES;
				IPHONEOS_DEPLOYMENT_TARGET = 15.5;
				MTL_ENABLE_DEBUG_INFO = INCLUDE_SOURCE;
				MTL_FAST_MATH = YES;
				ONLY_ACTIVE_ARCH = YES;
				SDKROOT = iphoneos;
				SWIFT_ACTIVE_COMPILATION_CONDITIONS = DEBUG;
				SWIFT_OPTIMIZATION_LEVEL = "-Onone";
			};
			name = Debug;
		};
		6A59AFEE2872D4080046BDD8 /* Release */ = {
			isa = XCBuildConfiguration;
			buildSettings = {
				ALWAYS_SEARCH_USER_PATHS = NO;
				CLANG_ANALYZER_NONNULL = YES;
				CLANG_ANALYZER_NUMBER_OBJECT_CONVERSION = YES_AGGRESSIVE;
				CLANG_CXX_LANGUAGE_STANDARD = "gnu++17";
				CLANG_ENABLE_MODULES = YES;
				CLANG_ENABLE_OBJC_ARC = YES;
				CLANG_ENABLE_OBJC_WEAK = YES;
				CLANG_WARN_BLOCK_CAPTURE_AUTORELEASING = YES;
				CLANG_WARN_BOOL_CONVERSION = YES;
				CLANG_WARN_COMMA = YES;
				CLANG_WARN_CONSTANT_CONVERSION = YES;
				CLANG_WARN_DEPRECATED_OBJC_IMPLEMENTATIONS = YES;
				CLANG_WARN_DIRECT_OBJC_ISA_USAGE = YES_ERROR;
				CLANG_WARN_DOCUMENTATION_COMMENTS = YES;
				CLANG_WARN_EMPTY_BODY = YES;
				CLANG_WARN_ENUM_CONVERSION = YES;
				CLANG_WARN_INFINITE_RECURSION = YES;
				CLANG_WARN_INT_CONVERSION = YES;
				CLANG_WARN_NON_LITERAL_NULL_CONVERSION = YES;
				CLANG_WARN_OBJC_IMPLICIT_RETAIN_SELF = YES;
				CLANG_WARN_OBJC_LITERAL_CONVERSION = YES;
				CLANG_WARN_OBJC_ROOT_CLASS = YES_ERROR;
				CLANG_WARN_QUOTED_INCLUDE_IN_FRAMEWORK_HEADER = YES;
				CLANG_WARN_RANGE_LOOP_ANALYSIS = YES;
				CLANG_WARN_STRICT_PROTOTYPES = YES;
				CLANG_WARN_SUSPICIOUS_MOVE = YES;
				CLANG_WARN_UNGUARDED_AVAILABILITY = YES_AGGRESSIVE;
				CLANG_WARN_UNREACHABLE_CODE = YES;
				CLANG_WARN__DUPLICATE_METHOD_MATCH = YES;
				COPY_PHASE_STRIP = NO;
				DEBUG_INFORMATION_FORMAT = "dwarf-with-dsym";
				ENABLE_NS_ASSERTIONS = NO;
				ENABLE_STRICT_OBJC_MSGSEND = YES;
				GCC_C_LANGUAGE_STANDARD = gnu11;
				GCC_NO_COMMON_BLOCKS = YES;
				GCC_WARN_64_TO_32_BIT_CONVERSION = YES;
				GCC_WARN_ABOUT_RETURN_TYPE = YES_ERROR;
				GCC_WARN_UNDECLARED_SELECTOR = YES;
				GCC_WARN_UNINITIALIZED_AUTOS = YES_AGGRESSIVE;
				GCC_WARN_UNUSED_FUNCTION = YES;
				GCC_WARN_UNUSED_VARIABLE = YES;
				IPHONEOS_DEPLOYMENT_TARGET = 15.5;
				MTL_ENABLE_DEBUG_INFO = NO;
				MTL_FAST_MATH = YES;
				SDKROOT = iphoneos;
				SWIFT_COMPILATION_MODE = wholemodule;
				SWIFT_OPTIMIZATION_LEVEL = "-O";
				VALIDATE_PRODUCT = YES;
			};
			name = Release;
		};
		6A59AFF02872D4080046BDD8 /* Debug */ = {
			isa = XCBuildConfiguration;
			baseConfigurationReference = B4009D186DE342873B68181F /* Pods-CafeLook.debug.xcconfig */;
			buildSettings = {
				ASSETCATALOG_COMPILER_APPICON_NAME = AppIcon;
				ASSETCATALOG_COMPILER_GLOBAL_ACCENT_COLOR_NAME = AccentColor;
				CODE_SIGN_STYLE = Automatic;
				CURRENT_PROJECT_VERSION = 1;
				DEVELOPMENT_TEAM = Q25U65UWAP;
				GENERATE_INFOPLIST_FILE = YES;
				INFOPLIST_FILE = CafeLook/Info.plist;
				INFOPLIST_KEY_UIApplicationSupportsIndirectInputEvents = YES;
				INFOPLIST_KEY_UILaunchStoryboardName = LaunchScreen;
				INFOPLIST_KEY_UISupportedInterfaceOrientations_iPad = "UIInterfaceOrientationPortrait UIInterfaceOrientationPortraitUpsideDown UIInterfaceOrientationLandscapeLeft UIInterfaceOrientationLandscapeRight";
				INFOPLIST_KEY_UISupportedInterfaceOrientations_iPhone = "UIInterfaceOrientationPortrait UIInterfaceOrientationLandscapeLeft UIInterfaceOrientationLandscapeRight";
				LD_RUNPATH_SEARCH_PATHS = (
					"$(inherited)",
					"@executable_path/Frameworks",
				);
				MARKETING_VERSION = 1.0;
				PRODUCT_BUNDLE_IDENTIFIER = com.app.CafeLook;
				PRODUCT_NAME = "$(TARGET_NAME)";
				SWIFT_EMIT_LOC_STRINGS = YES;
				SWIFT_VERSION = 5.0;
				TARGETED_DEVICE_FAMILY = "1,2";
			};
			name = Debug;
		};
		6A59AFF12872D4080046BDD8 /* Release */ = {
			isa = XCBuildConfiguration;
			baseConfigurationReference = E0DA84342838326C318157FF /* Pods-CafeLook.release.xcconfig */;
			buildSettings = {
				ASSETCATALOG_COMPILER_APPICON_NAME = AppIcon;
				ASSETCATALOG_COMPILER_GLOBAL_ACCENT_COLOR_NAME = AccentColor;
				CODE_SIGN_STYLE = Automatic;
				CURRENT_PROJECT_VERSION = 1;
				DEVELOPMENT_TEAM = Q25U65UWAP;
				GENERATE_INFOPLIST_FILE = YES;
				INFOPLIST_FILE = CafeLook/Info.plist;
				INFOPLIST_KEY_UIApplicationSupportsIndirectInputEvents = YES;
				INFOPLIST_KEY_UILaunchStoryboardName = LaunchScreen;
				INFOPLIST_KEY_UISupportedInterfaceOrientations_iPad = "UIInterfaceOrientationPortrait UIInterfaceOrientationPortraitUpsideDown UIInterfaceOrientationLandscapeLeft UIInterfaceOrientationLandscapeRight";
				INFOPLIST_KEY_UISupportedInterfaceOrientations_iPhone = "UIInterfaceOrientationPortrait UIInterfaceOrientationLandscapeLeft UIInterfaceOrientationLandscapeRight";
				LD_RUNPATH_SEARCH_PATHS = (
					"$(inherited)",
					"@executable_path/Frameworks",
				);
				MARKETING_VERSION = 1.0;
				PRODUCT_BUNDLE_IDENTIFIER = com.app.CafeLook;
				PRODUCT_NAME = "$(TARGET_NAME)";
				SWIFT_EMIT_LOC_STRINGS = YES;
				SWIFT_VERSION = 5.0;
				TARGETED_DEVICE_FAMILY = "1,2";
			};
			name = Release;
		};
		6A59AFF32872D4080046BDD8 /* Debug */ = {
			isa = XCBuildConfiguration;
			baseConfigurationReference = 1AEAC4D65F8DBC640C93D5E6 /* Pods-CafeLookTests.debug.xcconfig */;
			buildSettings = {
				ALWAYS_EMBED_SWIFT_STANDARD_LIBRARIES = YES;
				BUNDLE_LOADER = "$(TEST_HOST)";
				CODE_SIGN_STYLE = Automatic;
				CURRENT_PROJECT_VERSION = 1;
				DEVELOPMENT_TEAM = Q25U65UWAP;
				GENERATE_INFOPLIST_FILE = YES;
				IPHONEOS_DEPLOYMENT_TARGET = 15.5;
				MARKETING_VERSION = 1.0;
				PRODUCT_BUNDLE_IDENTIFIER = com.app.CafeLookTests;
				PRODUCT_NAME = "$(TARGET_NAME)";
				SWIFT_EMIT_LOC_STRINGS = NO;
				SWIFT_VERSION = 5.0;
				TARGETED_DEVICE_FAMILY = "1,2";
				TEST_HOST = "$(BUILT_PRODUCTS_DIR)/CafeLook.app/CafeLook";
			};
			name = Debug;
		};
		6A59AFF42872D4080046BDD8 /* Release */ = {
			isa = XCBuildConfiguration;
			baseConfigurationReference = 3637529A22F6BD02FEE2C494 /* Pods-CafeLookTests.release.xcconfig */;
			buildSettings = {
				ALWAYS_EMBED_SWIFT_STANDARD_LIBRARIES = YES;
				BUNDLE_LOADER = "$(TEST_HOST)";
				CODE_SIGN_STYLE = Automatic;
				CURRENT_PROJECT_VERSION = 1;
				DEVELOPMENT_TEAM = Q25U65UWAP;
				GENERATE_INFOPLIST_FILE = YES;
				IPHONEOS_DEPLOYMENT_TARGET = 15.5;
				MARKETING_VERSION = 1.0;
				PRODUCT_BUNDLE_IDENTIFIER = com.app.CafeLookTests;
				PRODUCT_NAME = "$(TARGET_NAME)";
				SWIFT_EMIT_LOC_STRINGS = NO;
				SWIFT_VERSION = 5.0;
				TARGETED_DEVICE_FAMILY = "1,2";
				TEST_HOST = "$(BUILT_PRODUCTS_DIR)/CafeLook.app/CafeLook";
			};
			name = Release;
		};
		6A59AFF62872D4080046BDD8 /* Debug */ = {
			isa = XCBuildConfiguration;
			baseConfigurationReference = B4CF51BDE0438BDFB7F90BEE /* Pods-CafeLook-CafeLookUITests.debug.xcconfig */;
			buildSettings = {
				ALWAYS_EMBED_SWIFT_STANDARD_LIBRARIES = YES;
				CODE_SIGN_STYLE = Automatic;
				CURRENT_PROJECT_VERSION = 1;
				DEVELOPMENT_TEAM = Q25U65UWAP;
				GENERATE_INFOPLIST_FILE = YES;
				MARKETING_VERSION = 1.0;
				PRODUCT_BUNDLE_IDENTIFIER = com.app.CafeLookUITests;
				PRODUCT_NAME = "$(TARGET_NAME)";
				SWIFT_EMIT_LOC_STRINGS = NO;
				SWIFT_VERSION = 5.0;
				TARGETED_DEVICE_FAMILY = "1,2";
				TEST_TARGET_NAME = CafeLook;
			};
			name = Debug;
		};
		6A59AFF72872D4080046BDD8 /* Release */ = {
			isa = XCBuildConfiguration;
			baseConfigurationReference = F59D17443F7DACACD996EFA9 /* Pods-CafeLook-CafeLookUITests.release.xcconfig */;
			buildSettings = {
				ALWAYS_EMBED_SWIFT_STANDARD_LIBRARIES = YES;
				CODE_SIGN_STYLE = Automatic;
				CURRENT_PROJECT_VERSION = 1;
				DEVELOPMENT_TEAM = Q25U65UWAP;
				GENERATE_INFOPLIST_FILE = YES;
				MARKETING_VERSION = 1.0;
				PRODUCT_BUNDLE_IDENTIFIER = com.app.CafeLookUITests;
				PRODUCT_NAME = "$(TARGET_NAME)";
				SWIFT_EMIT_LOC_STRINGS = NO;
				SWIFT_VERSION = 5.0;
				TARGETED_DEVICE_FAMILY = "1,2";
				TEST_TARGET_NAME = CafeLook;
			};
			name = Release;
		};
/* End XCBuildConfiguration section */

/* Begin XCConfigurationList section */
		6A59AFC02872D4060046BDD8 /* Build configuration list for PBXProject "CafeLook" */ = {
			isa = XCConfigurationList;
			buildConfigurations = (
				6A59AFED2872D4080046BDD8 /* Debug */,
				6A59AFEE2872D4080046BDD8 /* Release */,
			);
			defaultConfigurationIsVisible = 0;
			defaultConfigurationName = Release;
		};
		6A59AFEF2872D4080046BDD8 /* Build configuration list for PBXNativeTarget "CafeLook" */ = {
			isa = XCConfigurationList;
			buildConfigurations = (
				6A59AFF02872D4080046BDD8 /* Debug */,
				6A59AFF12872D4080046BDD8 /* Release */,
			);
			defaultConfigurationIsVisible = 0;
			defaultConfigurationName = Release;
		};
		6A59AFF22872D4080046BDD8 /* Build configuration list for PBXNativeTarget "CafeLookTests" */ = {
			isa = XCConfigurationList;
			buildConfigurations = (
				6A59AFF32872D4080046BDD8 /* Debug */,
				6A59AFF42872D4080046BDD8 /* Release */,
			);
			defaultConfigurationIsVisible = 0;
			defaultConfigurationName = Release;
		};
		6A59AFF52872D4080046BDD8 /* Build configuration list for PBXNativeTarget "CafeLookUITests" */ = {
			isa = XCConfigurationList;
			buildConfigurations = (
				6A59AFF62872D4080046BDD8 /* Debug */,
				6A59AFF72872D4080046BDD8 /* Release */,
			);
			defaultConfigurationIsVisible = 0;
			defaultConfigurationName = Release;
		};
/* End XCConfigurationList section */
	};
	rootObject = 6A59AFBD2872D4060046BDD8 /* Project object */;
}
